
Microsoft Visual Studio Solution File, Format Version 12.00
# Visual Studio 15
VisualStudioVersion = 15.0.28307.168
MinimumVisualStudioVersion = 10.0.40219.1
Project("{FAE04EC0-301F-11D3-BF4B-00C04F79EFBC}") = "GraphicalProgrammingApp", "GraphicalProgrammingApp\GraphicalProgrammingApp.csproj", "{AC7AFF97-43F9-4DD0-B5EC-0D20A5EC3C6C}"
EndProject
Global
	GlobalSection(SolutionConfigurationPlatforms) = preSolution
		Debug|Any CPU = Debug|Any CPU
		Release|Any CPU = Release|Any CPU
	EndGlobalSection
	GlobalSection(ProjectConfigurationPlatforms) = postSolution
		{AC7AFF97-43F9-4DD0-B5EC-0D20A5EC3C6C}.Debug|Any CPU.ActiveCfg = Debug|Any CPU
		{AC7AFF97-43F9-4DD0-B5EC-0D20A5EC3C6C}.Debug|Any CPU.Build.0 = Debug|Any CPU
		{AC7AFF97-43F9-4DD0-B5EC-0D20A5EC3C6C}.Release|Any CPU.ActiveCfg = Release|Any CPU
		{AC7AFF97-43F9-4DD0-B5EC-0D20A5EC3C6C}.Release|Any CPU.Build.0 = Release|Any CPU
	EndGlobalSection
	GlobalSection(SolutionProperties) = preSolution
		HideSolutionNode = FALSE
	EndGlobalSection
	GlobalSection(ExtensibilityGlobals) = postSolution
		SolutionGuid = {15281826-9BEF-4881-B9E3-69320AA13774}
	EndGlobalSection
EndGlobal
